
Microsoft Visual Studio Solution File, Format Version 12.00
# Visual Studio Version 16
VisualStudioVersion = 16.0.32901.82
MinimumVisualStudioVersion = 10.0.40219.1
Project("{FAE04EC0-301F-11D3-BF4B-00C04F79EFBC}") = "Practica4Zadanie1", "Practica4Zadanie1.csproj", "{EB15D5BB-675F-48AE-896A-FDBF08C67DAA}"
EndProject
Global
	GlobalSection(SolutionConfigurationPlatforms) = preSolution
		Debug|Any CPU = Debug|Any CPU
		Release|Any CPU = Release|Any CPU
	EndGlobalSection
	GlobalSection(ProjectConfigurationPlatforms) = postSolution
		{EB15D5BB-675F-48AE-896A-FDBF08C67DAA}.Debug|Any CPU.ActiveCfg = Debug|Any CPU
		{EB15D5BB-675F-48AE-896A-FDBF08C67DAA}.Debug|Any CPU.Build.0 = Debug|Any CPU
		{EB15D5BB-675F-48AE-896A-FDBF08C67DAA}.Release|Any CPU.ActiveCfg = Release|Any CPU
		{EB15D5BB-675F-48AE-896A-FDBF08C67DAA}.Release|Any CPU.Build.0 = Release|Any CPU
	EndGlobalSection
	GlobalSection(SolutionProperties) = preSolution
		HideSolutionNode = FALSE
	EndGlobalSection
	GlobalSection(ExtensibilityGlobals) = postSolution
		SolutionGuid = {6807BB82-1834-4A94-B0B2-A205585CBDE8}
	EndGlobalSection
EndGlobal
